
Microsoft Visual Studio Solution File, Format Version 12.00
# Visual Studio Version 16
VisualStudioVersion = 16.0.30114.105
MinimumVisualStudioVersion = 10.0.40219.1
Project("{FAE04EC0-301F-11D3-BF4B-00C04F79EFBC}") = "Messenger", "Messenger\Messenger.csproj", "{990354BB-5B34-4E47-A32F-DEA35EC8F16A}"
EndProject
Global
	GlobalSection(SolutionConfigurationPlatforms) = preSolution
		Debug|Any CPU = Debug|Any CPU
		Release|Any CPU = Release|Any CPU
	EndGlobalSection
	GlobalSection(ProjectConfigurationPlatforms) = postSolution
		{990354BB-5B34-4E47-A32F-DEA35EC8F16A}.Debug|Any CPU.ActiveCfg = Debug|Any CPU
		{990354BB-5B34-4E47-A32F-DEA35EC8F16A}.Debug|Any CPU.Build.0 = Debug|Any CPU
		{990354BB-5B34-4E47-A32F-DEA35EC8F16A}.Release|Any CPU.ActiveCfg = Release|Any CPU
		{990354BB-5B34-4E47-A32F-DEA35EC8F16A}.Release|Any CPU.Build.0 = Release|Any CPU
	EndGlobalSection
	GlobalSection(SolutionProperties) = preSolution
		HideSolutionNode = FALSE
	EndGlobalSection
	GlobalSection(ExtensibilityGlobals) = postSolution
		SolutionGuid = {83E1B588-3183-4232-BDB1-8DABFFA06838}
	EndGlobalSection
EndGlobal
